{
  "pins" : [
    {
      "identity" : "alamofire",
      "kind" : "remoteSourceControl",
      "location" : "https://github.com/Alamofire/Alamofire.git",
      "state" : {
        "revision" : "2cbf59935fbb1f26e352ce4db53f1cf9408d5313",
        "version" : "5.0.0-rc.3"
      }
    },
    {
      "identity" : "moya",
      "kind" : "remoteSourceControl",
      "location" : "https://github.com/Moya/Moya.git",
      "state" : {
        "revision" : "05f7bbd3c90c7546df5fc8d736213c8ced99a8b7",
        "version" : "14.0.0-beta.6"
      }
    },
    {
      "identity" : "objectmapper",
      "kind" : "remoteSourceControl",
      "location" : "https://github.com/tristanhimmelman/ObjectMapper.git",
      "state" : {
        "revision" : "30c1b42872a234bad51efbed4165d73dd796c1ea",
        "version" : "3.5.0"
      }
    },
    {
      "identity" : "reactiveswift",
      "kind" : "remoteSourceControl",
      "location" : "https://github.com/Moya/ReactiveSwift.git",
      "state" : {
        "revision" : "f195d82bb30e412e70446e2b4a77e1b514099e88",
        "version" : "6.1.0"
      }
    },
    {
      "identity" : "rxswift",
      "kind" : "remoteSourceControl",
      "location" : "https://github.com/ReactiveX/RxSwift.git",
      "state" : {
        "revision" : "cec68169a048a079f461ba203fe85636548d7a89",
        "version" : "5.1.3"
      }
    }
  ],
  "version" : 2
}
